
Microsoft Visual Studio Solution File, Format Version 12.00
# Visual Studio Version 17
VisualStudioVersion = 17.11.35312.102
MinimumVisualStudioVersion = 10.0.40219.1
Project("{9A19103F-16F7-4668-BE54-9A1E7A4F7556}") = "ClassAndObject", "ClassAndObject\ClassAndObject.csproj", "{C0EC5A2D-5EBF-41A0-B9B9-A4F7BC8E024A}"
EndProject
Project("{9A19103F-16F7-4668-BE54-9A1E7A4F7556}") = "Abstract", "Abstract\Abstract.csproj", "{12919E06-FCE5-431E-9742-059A89EBE70D}"
EndProject
Project("{9A19103F-16F7-4668-BE54-9A1E7A4F7556}") = "Interface", "Interface\Interface.csproj", "{762E2148-1629-4737-9435-E886ECE7BD08}"
EndProject
Project("{9A19103F-16F7-4668-BE54-9A1E7A4F7556}") = "Constructor", "Constructor\Constructor.csproj", "{AFE20B20-BBC8-4111-A15D-6DA79ECBFA89}"
EndProject
Project("{9A19103F-16F7-4668-BE54-9A1E7A4F7556}") = "AbstractClass", "AbstractClass\AbstractClass.csproj", "{44A84B34-FF70-4846-A3EB-47E09535CE66}"
EndProject
Project("{9A19103F-16F7-4668-BE54-9A1E7A4F7556}") = "Polymorphism", "Polymorphism\Polymorphism.csproj", "{E4D46B3F-3B48-4F6F-B836-BAB17108331B}"
EndProject
Project("{9A19103F-16F7-4668-BE54-9A1E7A4F7556}") = "IEnumerable", "IEnumerable\IEnumerable.csproj", "{CA972A82-ED8A-43D6-8759-631C5D9FFBA2}"
EndProject
Project("{FAE04EC0-301F-11D3-BF4B-00C04F79EFBC}") = "Inheritance", "Inheritance\Inheritance.csproj", "{E4277D62-266D-400C-B3CD-0E7898C10BF7}"
EndProject
Global
	GlobalSection(SolutionConfigurationPlatforms) = preSolution
		Debug|Any CPU = Debug|Any CPU
		Release|Any CPU = Release|Any CPU
	EndGlobalSection
	GlobalSection(ProjectConfigurationPlatforms) = postSolution
		{C0EC5A2D-5EBF-41A0-B9B9-A4F7BC8E024A}.Debug|Any CPU.ActiveCfg = Debug|Any CPU
		{C0EC5A2D-5EBF-41A0-B9B9-A4F7BC8E024A}.Debug|Any CPU.Build.0 = Debug|Any CPU
		{C0EC5A2D-5EBF-41A0-B9B9-A4F7BC8E024A}.Release|Any CPU.ActiveCfg = Release|Any CPU
		{C0EC5A2D-5EBF-41A0-B9B9-A4F7BC8E024A}.Release|Any CPU.Build.0 = Release|Any CPU
		{12919E06-FCE5-431E-9742-059A89EBE70D}.Debug|Any CPU.ActiveCfg = Debug|Any CPU
		{12919E06-FCE5-431E-9742-059A89EBE70D}.Debug|Any CPU.Build.0 = Debug|Any CPU
		{12919E06-FCE5-431E-9742-059A89EBE70D}.Release|Any CPU.ActiveCfg = Release|Any CPU
		{12919E06-FCE5-431E-9742-059A89EBE70D}.Release|Any CPU.Build.0 = Release|Any CPU
		{762E2148-1629-4737-9435-E886ECE7BD08}.Debug|Any CPU.ActiveCfg = Debug|Any CPU
		{762E2148-1629-4737-9435-E886ECE7BD08}.Debug|Any CPU.Build.0 = Debug|Any CPU
		{762E2148-1629-4737-9435-E886ECE7BD08}.Release|Any CPU.ActiveCfg = Release|Any CPU
		{762E2148-1629-4737-9435-E886ECE7BD08}.Release|Any CPU.Build.0 = Release|Any CPU
		{AFE20B20-BBC8-4111-A15D-6DA79ECBFA89}.Debug|Any CPU.ActiveCfg = Debug|Any CPU
		{AFE20B20-BBC8-4111-A15D-6DA79ECBFA89}.Debug|Any CPU.Build.0 = Debug|Any CPU
		{AFE20B20-BBC8-4111-A15D-6DA79ECBFA89}.Release|Any CPU.ActiveCfg = Release|Any CPU
		{AFE20B20-BBC8-4111-A15D-6DA79ECBFA89}.Release|Any CPU.Build.0 = Release|Any CPU
		{44A84B34-FF70-4846-A3EB-47E09535CE66}.Debug|Any CPU.ActiveCfg = Debug|Any CPU
		{44A84B34-FF70-4846-A3EB-47E09535CE66}.Debug|Any CPU.Build.0 = Debug|Any CPU
		{44A84B34-FF70-4846-A3EB-47E09535CE66}.Release|Any CPU.ActiveCfg = Release|Any CPU
		{44A84B34-FF70-4846-A3EB-47E09535CE66}.Release|Any CPU.Build.0 = Release|Any CPU
		{E4D46B3F-3B48-4F6F-B836-BAB17108331B}.Debug|Any CPU.ActiveCfg = Debug|Any CPU
		{E4D46B3F-3B48-4F6F-B836-BAB17108331B}.Debug|Any CPU.Build.0 = Debug|Any CPU
		{E4D46B3F-3B48-4F6F-B836-BAB17108331B}.Release|Any CPU.ActiveCfg = Release|Any CPU
		{E4D46B3F-3B48-4F6F-B836-BAB17108331B}.Release|Any CPU.Build.0 = Release|Any CPU
		{CA972A82-ED8A-43D6-8759-631C5D9FFBA2}.Debug|Any CPU.ActiveCfg = Debug|Any CPU
		{CA972A82-ED8A-43D6-8759-631C5D9FFBA2}.Debug|Any CPU.Build.0 = Debug|Any CPU
		{CA972A82-ED8A-43D6-8759-631C5D9FFBA2}.Release|Any CPU.ActiveCfg = Release|Any CPU
		{CA972A82-ED8A-43D6-8759-631C5D9FFBA2}.Release|Any CPU.Build.0 = Release|Any CPU
		{E4277D62-266D-400C-B3CD-0E7898C10BF7}.Debug|Any CPU.ActiveCfg = Debug|Any CPU
		{E4277D62-266D-400C-B3CD-0E7898C10BF7}.Debug|Any CPU.Build.0 = Debug|Any CPU
		{E4277D62-266D-400C-B3CD-0E7898C10BF7}.Release|Any CPU.ActiveCfg = Release|Any CPU
		{E4277D62-266D-400C-B3CD-0E7898C10BF7}.Release|Any CPU.Build.0 = Release|Any CPU
	EndGlobalSection
	GlobalSection(SolutionProperties) = preSolution
		HideSolutionNode = FALSE
	EndGlobalSection
	GlobalSection(ExtensibilityGlobals) = postSolution
		SolutionGuid = {B06481A4-FA05-49AE-847F-54A8A5BC7905}
	EndGlobalSection
EndGlobal
